
Microsoft Visual Studio Solution File, Format Version 12.00
# Visual Studio 15
VisualStudioVersion = 15.0.28307.902
MinimumVisualStudioVersion = 10.0.40219.1
Project("{FAE04EC0-301F-11D3-BF4B-00C04F79EFBC}") = "DotNetStringUtilities.Tests", "DotNetStringUtilities.Tests\DotNetStringUtilities.Tests.csproj", "{16127FDC-AE83-432A-8047-13FB7EE98851}"
EndProject
Project("{FAE04EC0-301F-11D3-BF4B-00C04F79EFBC}") = "DotNetStringUtilities", "DotNetStringUtilities\DotNetStringUtilities.csproj", "{BC1D9369-ADEF-4F82-B000-2193206C8353}"
EndProject
Global
	GlobalSection(SolutionConfigurationPlatforms) = preSolution
		Debug|Any CPU = Debug|Any CPU
		Release|Any CPU = Release|Any CPU
	EndGlobalSection
	GlobalSection(ProjectConfigurationPlatforms) = postSolution
		{16127FDC-AE83-432A-8047-13FB7EE98851}.Debug|Any CPU.ActiveCfg = Debug|Any CPU
		{16127FDC-AE83-432A-8047-13FB7EE98851}.Debug|Any CPU.Build.0 = Debug|Any CPU
		{16127FDC-AE83-432A-8047-13FB7EE98851}.Release|Any CPU.ActiveCfg = Release|Any CPU
		{16127FDC-AE83-432A-8047-13FB7EE98851}.Release|Any CPU.Build.0 = Release|Any CPU
		{BC1D9369-ADEF-4F82-B000-2193206C8353}.Debug|Any CPU.ActiveCfg = Debug|Any CPU
		{BC1D9369-ADEF-4F82-B000-2193206C8353}.Debug|Any CPU.Build.0 = Debug|Any CPU
		{BC1D9369-ADEF-4F82-B000-2193206C8353}.Release|Any CPU.ActiveCfg = Release|Any CPU
		{BC1D9369-ADEF-4F82-B000-2193206C8353}.Release|Any CPU.Build.0 = Release|Any CPU
	EndGlobalSection
	GlobalSection(SolutionProperties) = preSolution
		HideSolutionNode = FALSE
	EndGlobalSection
	GlobalSection(ExtensibilityGlobals) = postSolution
		SolutionGuid = {F61272B9-7E13-4BB4-B84F-B763B1BBB04F}
	EndGlobalSection
EndGlobal
